
Microsoft Visual Studio Solution File, Format Version 12.00
# Visual Studio Version 17
VisualStudioVersion = 17.3.32811.315
MinimumVisualStudioVersion = 10.0.40219.1
Project("{9A19103F-16F7-4668-BE54-9A1E7A4F7556}") = "BackgroundWorker", "BackgroundWorker.csproj", "{6492A9DC-07CC-41F8-B445-53718381EAE5}"
EndProject
Global
	GlobalSection(SolutionConfigurationPlatforms) = preSolution
		Debug|Any CPU = Debug|Any CPU
		Release|Any CPU = Release|Any CPU
	EndGlobalSection
	GlobalSection(ProjectConfigurationPlatforms) = postSolution
		{6492A9DC-07CC-41F8-B445-53718381EAE5}.Debug|Any CPU.ActiveCfg = Debug|Any CPU
		{6492A9DC-07CC-41F8-B445-53718381EAE5}.Debug|Any CPU.Build.0 = Debug|Any CPU
		{6492A9DC-07CC-41F8-B445-53718381EAE5}.Release|Any CPU.ActiveCfg = Release|Any CPU
		{6492A9DC-07CC-41F8-B445-53718381EAE5}.Release|Any CPU.Build.0 = Release|Any CPU
	EndGlobalSection
	GlobalSection(SolutionProperties) = preSolution
		HideSolutionNode = FALSE
	EndGlobalSection
	GlobalSection(ExtensibilityGlobals) = postSolution
		SolutionGuid = {30063D38-883C-4037-830E-79A24B613806}
	EndGlobalSection
EndGlobal
